
Microsoft Visual Studio Solution File, Format Version 12.00
# Visual Studio Version 16
VisualStudioVersion = 16.0.29409.12
MinimumVisualStudioVersion = 10.0.40219.1
Project("{9A19103F-16F7-4668-BE54-9A1E7A4F7556}") = "HelloWorld", "HelloWorld\HelloWorld.csproj", "{BA9BE0F4-707A-4B14-94CF-37171BFD165B}"
EndProject
Project("{FAE04EC0-301F-11D3-BF4B-00C04F79EFBC}") = "Jaeger.Example.WebApi", "Jaeger.Example.WebApi\Jaeger.Example.WebApi.csproj", "{7B50294E-980D-4E37-8D50-CC9E2D51DD3D}"
EndProject
Project("{FAE04EC0-301F-11D3-BF4B-00C04F79EFBC}") = "BService", "BService\BService.csproj", "{5EB48AB5-4DBF-4E89-86E1-A63AB9235482}"
EndProject
Project("{FAE04EC0-301F-11D3-BF4B-00C04F79EFBC}") = "AService", "AService\AService.csproj", "{04D6A265-66A6-4458-9F8A-3C7B43732510}"
EndProject
Global
	GlobalSection(SolutionConfigurationPlatforms) = preSolution
		Debug|Any CPU = Debug|Any CPU
		Release|Any CPU = Release|Any CPU
	EndGlobalSection
	GlobalSection(ProjectConfigurationPlatforms) = postSolution
		{BA9BE0F4-707A-4B14-94CF-37171BFD165B}.Debug|Any CPU.ActiveCfg = Debug|Any CPU
		{BA9BE0F4-707A-4B14-94CF-37171BFD165B}.Debug|Any CPU.Build.0 = Debug|Any CPU
		{BA9BE0F4-707A-4B14-94CF-37171BFD165B}.Release|Any CPU.ActiveCfg = Release|Any CPU
		{BA9BE0F4-707A-4B14-94CF-37171BFD165B}.Release|Any CPU.Build.0 = Release|Any CPU
		{7B50294E-980D-4E37-8D50-CC9E2D51DD3D}.Debug|Any CPU.ActiveCfg = Debug|Any CPU
		{7B50294E-980D-4E37-8D50-CC9E2D51DD3D}.Debug|Any CPU.Build.0 = Debug|Any CPU
		{7B50294E-980D-4E37-8D50-CC9E2D51DD3D}.Release|Any CPU.ActiveCfg = Release|Any CPU
		{7B50294E-980D-4E37-8D50-CC9E2D51DD3D}.Release|Any CPU.Build.0 = Release|Any CPU
		{5EB48AB5-4DBF-4E89-86E1-A63AB9235482}.Debug|Any CPU.ActiveCfg = Debug|Any CPU
		{5EB48AB5-4DBF-4E89-86E1-A63AB9235482}.Debug|Any CPU.Build.0 = Debug|Any CPU
		{5EB48AB5-4DBF-4E89-86E1-A63AB9235482}.Release|Any CPU.ActiveCfg = Release|Any CPU
		{5EB48AB5-4DBF-4E89-86E1-A63AB9235482}.Release|Any CPU.Build.0 = Release|Any CPU
		{04D6A265-66A6-4458-9F8A-3C7B43732510}.Debug|Any CPU.ActiveCfg = Debug|Any CPU
		{04D6A265-66A6-4458-9F8A-3C7B43732510}.Debug|Any CPU.Build.0 = Debug|Any CPU
		{04D6A265-66A6-4458-9F8A-3C7B43732510}.Release|Any CPU.ActiveCfg = Release|Any CPU
		{04D6A265-66A6-4458-9F8A-3C7B43732510}.Release|Any CPU.Build.0 = Release|Any CPU
	EndGlobalSection
	GlobalSection(SolutionProperties) = preSolution
		HideSolutionNode = FALSE
	EndGlobalSection
	GlobalSection(ExtensibilityGlobals) = postSolution
		SolutionGuid = {E5FFA5B1-E99A-4643-8F7A-4DDAB7A27A0F}
	EndGlobalSection
EndGlobal
