
Microsoft Visual Studio Solution File, Format Version 12.00
# Visual Studio Version 16
VisualStudioVersion = 16.0.28803.202
MinimumVisualStudioVersion = 10.0.40219.1
Project("{9A19103F-16F7-4668-BE54-9A1E7A4F7556}") = "1.Send", "Send\1.Send.csproj", "{021CE087-146D-419B-BED2-3A4167C8E5FB}"
EndProject
Project("{9A19103F-16F7-4668-BE54-9A1E7A4F7556}") = "1.Receive", "Receive\1.Receive.csproj", "{56A4F1BB-33E0-49E8-8A95-CE2BD4DCF12B}"
EndProject
Project("{9A19103F-16F7-4668-BE54-9A1E7A4F7556}") = "2.NewTask", "NewTask\2.NewTask.csproj", "{BD7144FA-F73C-44BB-A2CD-DE38CDDA3D29}"
EndProject
Project("{9A19103F-16F7-4668-BE54-9A1E7A4F7556}") = "2.Worker", "Worker\2.Worker.csproj", "{7E4C332E-D57C-43AA-873A-8B7D1885AE6F}"
EndProject
Project("{9A19103F-16F7-4668-BE54-9A1E7A4F7556}") = "3.EmitLog", "EmitLog\3.EmitLog.csproj", "{EAFCAA2E-8E19-46B6-BEF0-7FB947FF8022}"
EndProject
Project("{9A19103F-16F7-4668-BE54-9A1E7A4F7556}") = "3.ReceiveLogs", "ReceiveLogs\3.ReceiveLogs.csproj", "{37FA6B72-8D1D-4D2E-AF55-AD783D9F38F8}"
EndProject
Project("{FAE04EC0-301F-11D3-BF4B-00C04F79EFBC}") = "4.EmitLogDirect", "EmitLogDirect\4.EmitLogDirect.csproj", "{B7A4F607-CF47-48EE-99E1-F08E5BAEDDEA}"
EndProject
Project("{FAE04EC0-301F-11D3-BF4B-00C04F79EFBC}") = "4.ReceiveLogsDirect", "ReceiveLogsDirect\4.ReceiveLogsDirect.csproj", "{C3CE48E9-7724-4958-A2F5-7955172AFBDD}"
EndProject
Project("{FAE04EC0-301F-11D3-BF4B-00C04F79EFBC}") = "5.EmitLogTopic", "EmitLogTopic\5.EmitLogTopic.csproj", "{98F215C7-0B9F-462A-9320-2A2ED73BB383}"
EndProject
Project("{FAE04EC0-301F-11D3-BF4B-00C04F79EFBC}") = "5.ReceiveLogsTopic", "ReceiveLogsTopic\5.ReceiveLogsTopic.csproj", "{7ECC41E9-82B0-400E-A656-832A6F2BE48C}"
EndProject
Global
	GlobalSection(SolutionConfigurationPlatforms) = preSolution
		Debug|Any CPU = Debug|Any CPU
		Release|Any CPU = Release|Any CPU
	EndGlobalSection
	GlobalSection(ProjectConfigurationPlatforms) = postSolution
		{021CE087-146D-419B-BED2-3A4167C8E5FB}.Debug|Any CPU.ActiveCfg = Debug|Any CPU
		{021CE087-146D-419B-BED2-3A4167C8E5FB}.Debug|Any CPU.Build.0 = Debug|Any CPU
		{021CE087-146D-419B-BED2-3A4167C8E5FB}.Release|Any CPU.ActiveCfg = Release|Any CPU
		{021CE087-146D-419B-BED2-3A4167C8E5FB}.Release|Any CPU.Build.0 = Release|Any CPU
		{56A4F1BB-33E0-49E8-8A95-CE2BD4DCF12B}.Debug|Any CPU.ActiveCfg = Debug|Any CPU
		{56A4F1BB-33E0-49E8-8A95-CE2BD4DCF12B}.Debug|Any CPU.Build.0 = Debug|Any CPU
		{56A4F1BB-33E0-49E8-8A95-CE2BD4DCF12B}.Release|Any CPU.ActiveCfg = Release|Any CPU
		{56A4F1BB-33E0-49E8-8A95-CE2BD4DCF12B}.Release|Any CPU.Build.0 = Release|Any CPU
		{BD7144FA-F73C-44BB-A2CD-DE38CDDA3D29}.Debug|Any CPU.ActiveCfg = Debug|Any CPU
		{BD7144FA-F73C-44BB-A2CD-DE38CDDA3D29}.Debug|Any CPU.Build.0 = Debug|Any CPU
		{BD7144FA-F73C-44BB-A2CD-DE38CDDA3D29}.Release|Any CPU.ActiveCfg = Release|Any CPU
		{BD7144FA-F73C-44BB-A2CD-DE38CDDA3D29}.Release|Any CPU.Build.0 = Release|Any CPU
		{7E4C332E-D57C-43AA-873A-8B7D1885AE6F}.Debug|Any CPU.ActiveCfg = Debug|Any CPU
		{7E4C332E-D57C-43AA-873A-8B7D1885AE6F}.Debug|Any CPU.Build.0 = Debug|Any CPU
		{7E4C332E-D57C-43AA-873A-8B7D1885AE6F}.Release|Any CPU.ActiveCfg = Release|Any CPU
		{7E4C332E-D57C-43AA-873A-8B7D1885AE6F}.Release|Any CPU.Build.0 = Release|Any CPU
		{EAFCAA2E-8E19-46B6-BEF0-7FB947FF8022}.Debug|Any CPU.ActiveCfg = Debug|Any CPU
		{EAFCAA2E-8E19-46B6-BEF0-7FB947FF8022}.Debug|Any CPU.Build.0 = Debug|Any CPU
		{EAFCAA2E-8E19-46B6-BEF0-7FB947FF8022}.Release|Any CPU.ActiveCfg = Release|Any CPU
		{EAFCAA2E-8E19-46B6-BEF0-7FB947FF8022}.Release|Any CPU.Build.0 = Release|Any CPU
		{37FA6B72-8D1D-4D2E-AF55-AD783D9F38F8}.Debug|Any CPU.ActiveCfg = Debug|Any CPU
		{37FA6B72-8D1D-4D2E-AF55-AD783D9F38F8}.Debug|Any CPU.Build.0 = Debug|Any CPU
		{37FA6B72-8D1D-4D2E-AF55-AD783D9F38F8}.Release|Any CPU.ActiveCfg = Release|Any CPU
		{37FA6B72-8D1D-4D2E-AF55-AD783D9F38F8}.Release|Any CPU.Build.0 = Release|Any CPU
		{B7A4F607-CF47-48EE-99E1-F08E5BAEDDEA}.Debug|Any CPU.ActiveCfg = Debug|Any CPU
		{B7A4F607-CF47-48EE-99E1-F08E5BAEDDEA}.Debug|Any CPU.Build.0 = Debug|Any CPU
		{B7A4F607-CF47-48EE-99E1-F08E5BAEDDEA}.Release|Any CPU.ActiveCfg = Release|Any CPU
		{B7A4F607-CF47-48EE-99E1-F08E5BAEDDEA}.Release|Any CPU.Build.0 = Release|Any CPU
		{C3CE48E9-7724-4958-A2F5-7955172AFBDD}.Debug|Any CPU.ActiveCfg = Debug|Any CPU
		{C3CE48E9-7724-4958-A2F5-7955172AFBDD}.Debug|Any CPU.Build.0 = Debug|Any CPU
		{C3CE48E9-7724-4958-A2F5-7955172AFBDD}.Release|Any CPU.ActiveCfg = Release|Any CPU
		{C3CE48E9-7724-4958-A2F5-7955172AFBDD}.Release|Any CPU.Build.0 = Release|Any CPU
		{98F215C7-0B9F-462A-9320-2A2ED73BB383}.Debug|Any CPU.ActiveCfg = Debug|Any CPU
		{98F215C7-0B9F-462A-9320-2A2ED73BB383}.Debug|Any CPU.Build.0 = Debug|Any CPU
		{98F215C7-0B9F-462A-9320-2A2ED73BB383}.Release|Any CPU.ActiveCfg = Release|Any CPU
		{98F215C7-0B9F-462A-9320-2A2ED73BB383}.Release|Any CPU.Build.0 = Release|Any CPU
		{7ECC41E9-82B0-400E-A656-832A6F2BE48C}.Debug|Any CPU.ActiveCfg = Debug|Any CPU
		{7ECC41E9-82B0-400E-A656-832A6F2BE48C}.Debug|Any CPU.Build.0 = Debug|Any CPU
		{7ECC41E9-82B0-400E-A656-832A6F2BE48C}.Release|Any CPU.ActiveCfg = Release|Any CPU
		{7ECC41E9-82B0-400E-A656-832A6F2BE48C}.Release|Any CPU.Build.0 = Release|Any CPU
	EndGlobalSection
	GlobalSection(SolutionProperties) = preSolution
		HideSolutionNode = FALSE
	EndGlobalSection
	GlobalSection(ExtensibilityGlobals) = postSolution
		SolutionGuid = {D59D2483-1030-41B5-B5A9-155048A4A09F}
	EndGlobalSection
EndGlobal
