
Microsoft Visual Studio Solution File, Format Version 12.00
# Visual Studio Version 16
VisualStudioVersion = 16.0.28803.202
MinimumVisualStudioVersion = 10.0.40219.1
Project("{FAE04EC0-301F-11D3-BF4B-00C04F79EFBC}") = "Send", "RabbitMqTest\Send.csproj", "{021CE087-146D-419B-BED2-3A4167C8E5FB}"
EndProject
Project("{FAE04EC0-301F-11D3-BF4B-00C04F79EFBC}") = "Receive", "Receive\Receive.csproj", "{56A4F1BB-33E0-49E8-8A95-CE2BD4DCF12B}"
EndProject
Project("{FAE04EC0-301F-11D3-BF4B-00C04F79EFBC}") = "NewTask", "NewTask\NewTask.csproj", "{BD7144FA-F73C-44BB-A2CD-DE38CDDA3D29}"
EndProject
Project("{FAE04EC0-301F-11D3-BF4B-00C04F79EFBC}") = "Worker", "Worker\Worker.csproj", "{7E4C332E-D57C-43AA-873A-8B7D1885AE6F}"
EndProject
Global
	GlobalSection(SolutionConfigurationPlatforms) = preSolution
		Debug|Any CPU = Debug|Any CPU
		Release|Any CPU = Release|Any CPU
	EndGlobalSection
	GlobalSection(ProjectConfigurationPlatforms) = postSolution
		{021CE087-146D-419B-BED2-3A4167C8E5FB}.Debug|Any CPU.ActiveCfg = Debug|Any CPU
		{021CE087-146D-419B-BED2-3A4167C8E5FB}.Debug|Any CPU.Build.0 = Debug|Any CPU
		{021CE087-146D-419B-BED2-3A4167C8E5FB}.Release|Any CPU.ActiveCfg = Release|Any CPU
		{021CE087-146D-419B-BED2-3A4167C8E5FB}.Release|Any CPU.Build.0 = Release|Any CPU
		{56A4F1BB-33E0-49E8-8A95-CE2BD4DCF12B}.Debug|Any CPU.ActiveCfg = Debug|Any CPU
		{56A4F1BB-33E0-49E8-8A95-CE2BD4DCF12B}.Debug|Any CPU.Build.0 = Debug|Any CPU
		{56A4F1BB-33E0-49E8-8A95-CE2BD4DCF12B}.Release|Any CPU.ActiveCfg = Release|Any CPU
		{56A4F1BB-33E0-49E8-8A95-CE2BD4DCF12B}.Release|Any CPU.Build.0 = Release|Any CPU
		{BD7144FA-F73C-44BB-A2CD-DE38CDDA3D29}.Debug|Any CPU.ActiveCfg = Debug|Any CPU
		{BD7144FA-F73C-44BB-A2CD-DE38CDDA3D29}.Debug|Any CPU.Build.0 = Debug|Any CPU
		{BD7144FA-F73C-44BB-A2CD-DE38CDDA3D29}.Release|Any CPU.ActiveCfg = Release|Any CPU
		{BD7144FA-F73C-44BB-A2CD-DE38CDDA3D29}.Release|Any CPU.Build.0 = Release|Any CPU
		{7E4C332E-D57C-43AA-873A-8B7D1885AE6F}.Debug|Any CPU.ActiveCfg = Debug|Any CPU
		{7E4C332E-D57C-43AA-873A-8B7D1885AE6F}.Debug|Any CPU.Build.0 = Debug|Any CPU
		{7E4C332E-D57C-43AA-873A-8B7D1885AE6F}.Release|Any CPU.ActiveCfg = Release|Any CPU
		{7E4C332E-D57C-43AA-873A-8B7D1885AE6F}.Release|Any CPU.Build.0 = Release|Any CPU
	EndGlobalSection
	GlobalSection(SolutionProperties) = preSolution
		HideSolutionNode = FALSE
	EndGlobalSection
	GlobalSection(ExtensibilityGlobals) = postSolution
		SolutionGuid = {D59D2483-1030-41B5-B5A9-155048A4A09F}
	EndGlobalSection
EndGlobal
